
Microsoft Visual Studio Solution File, Format Version 12.00
# Visual Studio Version 17
VisualStudioVersion = 17.11.35219.272
MinimumVisualStudioVersion = 10.0.40219.1
Project("{9A19103F-16F7-4668-BE54-9A1E7A4F7556}") = "Qiandao.Web", "Qiandao.Web\Qiandao.Web.csproj", "{124271AC-7BEB-48FC-AAB9-97F90207CCFF}"
EndProject
Project("{9A19103F-16F7-4668-BE54-9A1E7A4F7556}") = "Qiandao.Model", "Qiandao.Model\Qiandao.Model.csproj", "{D9C78335-DFE6-4455-BB3B-BD53997F1E7A}"
EndProject
Project("{9A19103F-16F7-4668-BE54-9A1E7A4F7556}") = "Qiandao.Service", "Qiandao.Service\Qiandao.Service.csproj", "{79FFB39C-ED70-4E17-A4E8-EF59221F2E1E}"
EndProject
Global
	GlobalSection(SolutionConfigurationPlatforms) = preSolution
		Debug|Any CPU = Debug|Any CPU
		Release|Any CPU = Release|Any CPU
	EndGlobalSection
	GlobalSection(ProjectConfigurationPlatforms) = postSolution
		{124271AC-7BEB-48FC-AAB9-97F90207CCFF}.Debug|Any CPU.ActiveCfg = Debug|Any CPU
		{124271AC-7BEB-48FC-AAB9-97F90207CCFF}.Debug|Any CPU.Build.0 = Debug|Any CPU
		{124271AC-7BEB-48FC-AAB9-97F90207CCFF}.Release|Any CPU.ActiveCfg = Release|Any CPU
		{124271AC-7BEB-48FC-AAB9-97F90207CCFF}.Release|Any CPU.Build.0 = Release|Any CPU
		{D9C78335-DFE6-4455-BB3B-BD53997F1E7A}.Debug|Any CPU.ActiveCfg = Debug|Any CPU
		{D9C78335-DFE6-4455-BB3B-BD53997F1E7A}.Debug|Any CPU.Build.0 = Debug|Any CPU
		{D9C78335-DFE6-4455-BB3B-BD53997F1E7A}.Release|Any CPU.ActiveCfg = Release|Any CPU
		{D9C78335-DFE6-4455-BB3B-BD53997F1E7A}.Release|Any CPU.Build.0 = Release|Any CPU
		{79FFB39C-ED70-4E17-A4E8-EF59221F2E1E}.Debug|Any CPU.ActiveCfg = Debug|Any CPU
		{79FFB39C-ED70-4E17-A4E8-EF59221F2E1E}.Debug|Any CPU.Build.0 = Debug|Any CPU
		{79FFB39C-ED70-4E17-A4E8-EF59221F2E1E}.Release|Any CPU.ActiveCfg = Release|Any CPU
		{79FFB39C-ED70-4E17-A4E8-EF59221F2E1E}.Release|Any CPU.Build.0 = Release|Any CPU
	EndGlobalSection
	GlobalSection(SolutionProperties) = preSolution
		HideSolutionNode = FALSE
	EndGlobalSection
	GlobalSection(ExtensibilityGlobals) = postSolution
		SolutionGuid = {0EDA702A-3E7C-42E8-A8A6-E9A8FA625498}
	EndGlobalSection
EndGlobal
